// !$*UTF8*$!
{
	archiveVersion = 1;
	classes = {
	};
	objectVersion = 50;
	objects = {

/* Begin PBXBuildFile section */
		711D4B7121E9A35400DBAC58 /* TableViewController.m in Sources */ = {isa = PBXBuildFile; fileRef = 711D4B7021E9A35400DBAC58 /* TableViewController.m */; };
		717C5FFE21DDAC20000A18F7 /* NavigateViewController.m in Sources */ = {isa = PBXBuildFile; fileRef = 717C5FFD21DDAC20000A18F7 /* NavigateViewController.m */; };
		717C600221DDDACB000A18F7 /* MobileCoreServices.framework in Frameworks */ = {isa = PBXBuildFile; fileRef = 717C600121DDDACB000A18F7 /* MobileCoreServices.framework */; };
		717C600421DDDAD7000A18F7 /* SystemConfiguration.framework in Frameworks */ = {isa = PBXBuildFile; fileRef = 717C600321DDDAD7000A18F7 /* SystemConfiguration.framework */; };
		717C601521DDE6C7000A18F7 /* AFNetworkReachabilityManager.m in Sources */ = {isa = PBXBuildFile; fileRef = 717C600721DDE6C6000A18F7 /* AFNetworkReachabilityManager.m */; };
		717C601621DDE6C7000A18F7 /* AFSecurityPolicy.m in Sources */ = {isa = PBXBuildFile; fileRef = 717C600821DDE6C6000A18F7 /* AFSecurityPolicy.m */; };
		717C601721DDE6C7000A18F7 /* AFURLRequestSerialization.m in Sources */ = {isa = PBXBuildFile; fileRef = 717C600921DDE6C6000A18F7 /* AFURLRequestSerialization.m */; };
		717C601821DDE6C7000A18F7 /* AFHTTPSessionManager.m in Sources */ = {isa = PBXBuildFile; fileRef = 717C600B21DDE6C7000A18F7 /* AFHTTPSessionManager.m */; };
		717C601921DDE6C7000A18F7 /* AFURLSessionManager.m in Sources */ = {isa = PBXBuildFile; fileRef = 717C601221DDE6C7000A18F7 /* AFURLSessionManager.m */; };
		717C601A21DDE6C7000A18F7 /* AFURLResponseSerialization.m in Sources */ = {isa = PBXBuildFile; fileRef = 717C601421DDE6C7000A18F7 /* AFURLResponseSerialization.m */; };
		717C601D21DDF3AA000A18F7 /* Security.framework in Frameworks */ = {isa = PBXBuildFile; fileRef = 717C601C21DDF3AA000A18F7 /* Security.framework */; };
		71D9B3E621DCC7BA00D766BD /* AppDelegate.m in Sources */ = {isa = PBXBuildFile; fileRef = 71D9B3E521DCC7BA00D766BD /* AppDelegate.m */; };
		71D9B3E921DCC7BA00D766BD /* ViewController.m in Sources */ = {isa = PBXBuildFile; fileRef = 71D9B3E821DCC7BA00D766BD /* ViewController.m */; };
		71D9B3EC21DCC7BA00D766BD /* Main.storyboard in Resources */ = {isa = PBXBuildFile; fileRef = 71D9B3EA21DCC7BA00D766BD /* Main.storyboard */; };
		71D9B3EE21DCC7BB00D766BD /* Assets.xcassets in Resources */ = {isa = PBXBuildFile; fileRef = 71D9B3ED21DCC7BB00D766BD /* Assets.xcassets */; };
		71D9B3F121DCC7BB00D766BD /* LaunchScreen.storyboard in Resources */ = {isa = PBXBuildFile; fileRef = 71D9B3EF21DCC7BB00D766BD /* LaunchScreen.storyboard */; };
		71D9B3F421DCC7BB00D766BD /* main.m in Sources */ = {isa = PBXBuildFile; fileRef = 71D9B3F321DCC7BB00D766BD /* main.m */; };
		71D9B40421DCD45B00D766BD /* SendViewController.m in Sources */ = {isa = PBXBuildFile; fileRef = 71D9B40321DCD45B00D766BD /* SendViewController.m */; };
/* End PBXBuildFile section */

/* Begin PBXCopyFilesBuildPhase section */
		71D9B40121DCCF7F00D766BD /* Embed Frameworks */ = {
			isa = PBXCopyFilesBuildPhase;
			buildActionMask = 2147483647;
			dstPath = "";
			dstSubfolderSpec = 10;
			files = (
			);
			name = "Embed Frameworks";
			runOnlyForDeploymentPostprocessing = 0;
		};
/* End PBXCopyFilesBuildPhase section */

/* Begin PBXFileReference section */
		711D4B6F21E9A35400DBAC58 /* TableViewController.h */ = {isa = PBXFileReference; lastKnownFileType = sourcecode.c.h; path = TableViewController.h; sourceTree = "<group>"; };
		711D4B7021E9A35400DBAC58 /* TableViewController.m */ = {isa = PBXFileReference; lastKnownFileType = sourcecode.c.objc; path = TableViewController.m; sourceTree = "<group>"; };
		717C5FFC21DDAC20000A18F7 /* NavigateViewController.h */ = {isa = PBXFileReference; lastKnownFileType = sourcecode.c.h; path = NavigateViewController.h; sourceTree = "<group>"; };
		717C5FFD21DDAC20000A18F7 /* NavigateViewController.m */ = {isa = PBXFileReference; lastKnownFileType = sourcecode.c.objc; path = NavigateViewController.m; sourceTree = "<group>"; };
		717C600121DDDACB000A18F7 /* MobileCoreServices.framework */ = {isa = PBXFileReference; lastKnownFileType = wrapper.framework; name = MobileCoreServices.framework; path = System/Library/Frameworks/MobileCoreServices.framework; sourceTree = SDKROOT; };
		717C600321DDDAD7000A18F7 /* SystemConfiguration.framework */ = {isa = PBXFileReference; lastKnownFileType = wrapper.framework; name = SystemConfiguration.framework; path = System/Library/Frameworks/SystemConfiguration.framework; sourceTree = SDKROOT; };
		717C600721DDE6C6000A18F7 /* AFNetworkReachabilityManager.m */ = {isa = PBXFileReference; lastKnownFileType = sourcecode.c.objc; path = AFNetworkReachabilityManager.m; sourceTree = "<group>"; };
		717C600821DDE6C6000A18F7 /* AFSecurityPolicy.m */ = {isa = PBXFileReference; lastKnownFileType = sourcecode.c.objc; path = AFSecurityPolicy.m; sourceTree = "<group>"; };
		717C600921DDE6C6000A18F7 /* AFURLRequestSerialization.m */ = {isa = PBXFileReference; lastKnownFileType = sourcecode.c.objc; path = AFURLRequestSerialization.m; sourceTree = "<group>"; };
		717C600A21DDE6C6000A18F7 /* AFURLResponseSerialization.h */ = {isa = PBXFileReference; lastKnownFileType = sourcecode.c.h; path = AFURLResponseSerialization.h; sourceTree = "<group>"; };
		717C600B21DDE6C7000A18F7 /* AFHTTPSessionManager.m */ = {isa = PBXFileReference; lastKnownFileType = sourcecode.c.objc; path = AFHTTPSessionManager.m; sourceTree = "<group>"; };
		717C600C21DDE6C7000A18F7 /* AFSecurityPolicy.h */ = {isa = PBXFileReference; lastKnownFileType = sourcecode.c.h; path = AFSecurityPolicy.h; sourceTree = "<group>"; };
		717C600D21DDE6C7000A18F7 /* AFNetworkReachabilityManager.h */ = {isa = PBXFileReference; lastKnownFileType = sourcecode.c.h; path = AFNetworkReachabilityManager.h; sourceTree = "<group>"; };
		717C600E21DDE6C7000A18F7 /* AFURLRequestSerialization.h */ = {isa = PBXFileReference; lastKnownFileType = sourcecode.c.h; path = AFURLRequestSerialization.h; sourceTree = "<group>"; };
		717C600F21DDE6C7000A18F7 /* AFURLSessionManager.h */ = {isa = PBXFileReference; lastKnownFileType = sourcecode.c.h; path = AFURLSessionManager.h; sourceTree = "<group>"; };
		717C601021DDE6C7000A18F7 /* AFHTTPSessionManager.h */ = {isa = PBXFileReference; lastKnownFileType = sourcecode.c.h; path = AFHTTPSessionManager.h; sourceTree = "<group>"; };
		717C601121DDE6C7000A18F7 /* AFCompatibilityMacros.h */ = {isa = PBXFileReference; lastKnownFileType = sourcecode.c.h; path = AFCompatibilityMacros.h; sourceTree = "<group>"; };
		717C601221DDE6C7000A18F7 /* AFURLSessionManager.m */ = {isa = PBXFileReference; lastKnownFileType = sourcecode.c.objc; path = AFURLSessionManager.m; sourceTree = "<group>"; };
		717C601321DDE6C7000A18F7 /* AFNetworking.h */ = {isa = PBXFileReference; lastKnownFileType = sourcecode.c.h; path = AFNetworking.h; sourceTree = "<group>"; };
		717C601421DDE6C7000A18F7 /* AFURLResponseSerialization.m */ = {isa = PBXFileReference; lastKnownFileType = sourcecode.c.objc; path = AFURLResponseSerialization.m; sourceTree = "<group>"; };
		717C601C21DDF3AA000A18F7 /* Security.framework */ = {isa = PBXFileReference; lastKnownFileType = wrapper.framework; name = Security.framework; path = System/Library/Frameworks/Security.framework; sourceTree = SDKROOT; };
		71D9B3E121DCC7BA00D766BD /* UImageTx.app */ = {isa = PBXFileReference; explicitFileType = wrapper.application; includeInIndex = 0; path = UImageTx.app; sourceTree = BUILT_PRODUCTS_DIR; };
		71D9B3E421DCC7BA00D766BD /* AppDelegate.h */ = {isa = PBXFileReference; lastKnownFileType = sourcecode.c.h; path = AppDelegate.h; sourceTree = "<group>"; };
		71D9B3E521DCC7BA00D766BD /* AppDelegate.m */ = {isa = PBXFileReference; lastKnownFileType = sourcecode.c.objc; path = AppDelegate.m; sourceTree = "<group>"; };
		71D9B3E721DCC7BA00D766BD /* ViewController.h */ = {isa = PBXFileReference; lastKnownFileType = sourcecode.c.h; path = ViewController.h; sourceTree = "<group>"; };
		71D9B3E821DCC7BA00D766BD /* ViewController.m */ = {isa = PBXFileReference; lastKnownFileType = sourcecode.c.objc; path = ViewController.m; sourceTree = "<group>"; };
		71D9B3EB21DCC7BA00D766BD /* Base */ = {isa = PBXFileReference; lastKnownFileType = file.storyboard; name = Base; path = Base.lproj/Main.storyboard; sourceTree = "<group>"; };
		71D9B3ED21DCC7BB00D766BD /* Assets.xcassets */ = {isa = PBXFileReference; lastKnownFileType = folder.assetcatalog; path = Assets.xcassets; sourceTree = "<group>"; };
		71D9B3F021DCC7BB00D766BD /* Base */ = {isa = PBXFileReference; lastKnownFileType = file.storyboard; name = Base; path = Base.lproj/LaunchScreen.storyboard; sourceTree = "<group>"; };
		71D9B3F221DCC7BB00D766BD /* Info.plist */ = {isa = PBXFileReference; lastKnownFileType = text.plist.xml; path = Info.plist; sourceTree = "<group>"; };
		71D9B3F321DCC7BB00D766BD /* main.m */ = {isa = PBXFileReference; lastKnownFileType = sourcecode.c.objc; path = main.m; sourceTree = "<group>"; };
		71D9B3FB21DCCEE300D766BD /* Geth.framework */ = {isa = PBXFileReference; lastKnownFileType = wrapper.framework; name = Geth.framework; path = ../Geth.framework; sourceTree = "<group>"; };
		71D9B40221DCD45B00D766BD /* SendViewController.h */ = {isa = PBXFileReference; lastKnownFileType = sourcecode.c.h; path = SendViewController.h; sourceTree = "<group>"; };
		71D9B40321DCD45B00D766BD /* SendViewController.m */ = {isa = PBXFileReference; lastKnownFileType = sourcecode.c.objc; path = SendViewController.m; sourceTree = "<group>"; };
/* End PBXFileReference section */

/* Begin PBXFrameworksBuildPhase section */
		71D9B3DE21DCC7BA00D766BD /* Frameworks */ = {
			isa = PBXFrameworksBuildPhase;
			buildActionMask = 2147483647;
			files = (
				717C601D21DDF3AA000A18F7 /* Security.framework in Frameworks */,
				717C600421DDDAD7000A18F7 /* SystemConfiguration.framework in Frameworks */,
				717C600221DDDACB000A18F7 /* MobileCoreServices.framework in Frameworks */,
			);
			runOnlyForDeploymentPostprocessing = 0;
		};
/* End PBXFrameworksBuildPhase section */

/* Begin PBXGroup section */
		717C601B21DDE6DF000A18F7 /* AFNetWorking */ = {
			isa = PBXGroup;
			children = (
				717C601121DDE6C7000A18F7 /* AFCompatibilityMacros.h */,
				717C601021DDE6C7000A18F7 /* AFHTTPSessionManager.h */,
				717C600B21DDE6C7000A18F7 /* AFHTTPSessionManager.m */,
				717C601321DDE6C7000A18F7 /* AFNetworking.h */,
				717C600D21DDE6C7000A18F7 /* AFNetworkReachabilityManager.h */,
				717C600721DDE6C6000A18F7 /* AFNetworkReachabilityManager.m */,
				717C600C21DDE6C7000A18F7 /* AFSecurityPolicy.h */,
				717C600821DDE6C6000A18F7 /* AFSecurityPolicy.m */,
				717C600E21DDE6C7000A18F7 /* AFURLRequestSerialization.h */,
				717C600921DDE6C6000A18F7 /* AFURLRequestSerialization.m */,
				717C600A21DDE6C6000A18F7 /* AFURLResponseSerialization.h */,
				717C601421DDE6C7000A18F7 /* AFURLResponseSerialization.m */,
				717C600F21DDE6C7000A18F7 /* AFURLSessionManager.h */,
				717C601221DDE6C7000A18F7 /* AFURLSessionManager.m */,
			);
			path = AFNetWorking;
			sourceTree = "<group>";
		};
		71D9B3D821DCC7BA00D766BD = {
			isa = PBXGroup;
			children = (
				71D9B3E321DCC7BA00D766BD /* UImageTx */,
				71D9B3E221DCC7BA00D766BD /* Products */,
				71D9B3FA21DCCEE300D766BD /* Frameworks */,
			);
			sourceTree = "<group>";
		};
		71D9B3E221DCC7BA00D766BD /* Products */ = {
			isa = PBXGroup;
			children = (
				71D9B3E121DCC7BA00D766BD /* UImageTx.app */,
			);
			name = Products;
			sourceTree = "<group>";
		};
		71D9B3E321DCC7BA00D766BD /* UImageTx */ = {
			isa = PBXGroup;
			children = (
				717C601B21DDE6DF000A18F7 /* AFNetWorking */,
				71D9B3E421DCC7BA00D766BD /* AppDelegate.h */,
				71D9B3E521DCC7BA00D766BD /* AppDelegate.m */,
				71D9B3E721DCC7BA00D766BD /* ViewController.h */,
				71D9B3E821DCC7BA00D766BD /* ViewController.m */,
				71D9B3EA21DCC7BA00D766BD /* Main.storyboard */,
				71D9B3ED21DCC7BB00D766BD /* Assets.xcassets */,
				71D9B3EF21DCC7BB00D766BD /* LaunchScreen.storyboard */,
				71D9B3F221DCC7BB00D766BD /* Info.plist */,
				71D9B3F321DCC7BB00D766BD /* main.m */,
				71D9B40221DCD45B00D766BD /* SendViewController.h */,
				71D9B40321DCD45B00D766BD /* SendViewController.m */,
				717C5FFC21DDAC20000A18F7 /* NavigateViewController.h */,
				717C5FFD21DDAC20000A18F7 /* NavigateViewController.m */,
				711D4B6F21E9A35400DBAC58 /* TableViewController.h */,
				711D4B7021E9A35400DBAC58 /* TableViewController.m */,
			);
			path = UImageTx;
			sourceTree = "<group>";
		};
		71D9B3FA21DCCEE300D766BD /* Frameworks */ = {
			isa = PBXGroup;
			children = (
				717C601C21DDF3AA000A18F7 /* Security.framework */,
				717C600321DDDAD7000A18F7 /* SystemConfiguration.framework */,
				717C600121DDDACB000A18F7 /* MobileCoreServices.framework */,
				71D9B3FB21DCCEE300D766BD /* Geth.framework */,
			);
			name = Frameworks;
			sourceTree = "<group>";
		};
/* End PBXGroup section */

/* Begin PBXNativeTarget section */
		71D9B3E021DCC7BA00D766BD /* UImageTx */ = {
			isa = PBXNativeTarget;
			buildConfigurationList = 71D9B3F721DCC7BB00D766BD /* Build configuration list for PBXNativeTarget "UImageTx" */;
			buildPhases = (
				71D9B3DD21DCC7BA00D766BD /* Sources */,
				71D9B3DE21DCC7BA00D766BD /* Frameworks */,
				71D9B3DF21DCC7BA00D766BD /* Resources */,
				71D9B40121DCCF7F00D766BD /* Embed Frameworks */,
			);
			buildRules = (
			);
			dependencies = (
			);
			name = UImageTx;
			productName = UImageTx;
			productReference = 71D9B3E121DCC7BA00D766BD /* UImageTx.app */;
			productType = "com.apple.product-type.application";
		};
/* End PBXNativeTarget section */

/* Begin PBXProject section */
		71D9B3D921DCC7BA00D766BD /* Project object */ = {
			isa = PBXProject;
			attributes = {
				LastUpgradeCheck = 1010;
				ORGANIZATIONNAME = flybird;
				TargetAttributes = {
					71D9B3E021DCC7BA00D766BD = {
						CreatedOnToolsVersion = 10.1;
					};
				};
			};
			buildConfigurationList = 71D9B3DC21DCC7BA00D766BD /* Build configuration list for PBXProject "UImageTx" */;
			compatibilityVersion = "Xcode 9.3";
			developmentRegion = en;
			hasScannedForEncodings = 0;
			knownRegions = (
				en,
				Base,
			);
			mainGroup = 71D9B3D821DCC7BA00D766BD;
			productRefGroup = 71D9B3E221DCC7BA00D766BD /* Products */;
			projectDirPath = "";
			projectRoot = "";
			targets = (
				71D9B3E021DCC7BA00D766BD /* UImageTx */,
			);
		};
/* End PBXProject section */

/* Begin PBXResourcesBuildPhase section */
		71D9B3DF21DCC7BA00D766BD /* Resources */ = {
			isa = PBXResourcesBuildPhase;
			buildActionMask = 2147483647;
			files = (
				71D9B3F121DCC7BB00D766BD /* LaunchScreen.storyboard in Resources */,
				71D9B3EE21DCC7BB00D766BD /* Assets.xcassets in Resources */,
				71D9B3EC21DCC7BA00D766BD /* Main.storyboard in Resources */,
			);
			runOnlyForDeploymentPostprocessing = 0;
		};
/* End PBXResourcesBuildPhase section */

/* Begin PBXSourcesBuildPhase section */
		71D9B3DD21DCC7BA00D766BD /* Sources */ = {
			isa = PBXSourcesBuildPhase;
			buildActionMask = 2147483647;
			files = (
				717C601621DDE6C7000A18F7 /* AFSecurityPolicy.m in Sources */,
				71D9B40421DCD45B00D766BD /* SendViewController.m in Sources */,
				71D9B3E921DCC7BA00D766BD /* ViewController.m in Sources */,
				717C601821DDE6C7000A18F7 /* AFHTTPSessionManager.m in Sources */,
				717C601A21DDE6C7000A18F7 /* AFURLResponseSerialization.m in Sources */,
				71D9B3F421DCC7BB00D766BD /* main.m in Sources */,
				717C601921DDE6C7000A18F7 /* AFURLSessionManager.m in Sources */,
				711D4B7121E9A35400DBAC58 /* TableViewController.m in Sources */,
				71D9B3E621DCC7BA00D766BD /* AppDelegate.m in Sources */,
				717C601521DDE6C7000A18F7 /* AFNetworkReachabilityManager.m in Sources */,
				717C5FFE21DDAC20000A18F7 /* NavigateViewController.m in Sources */,
				717C601721DDE6C7000A18F7 /* AFURLRequestSerialization.m in Sources */,
			);
			runOnlyForDeploymentPostprocessing = 0;
		};
/* End PBXSourcesBuildPhase section */

/* Begin PBXVariantGroup section */
		71D9B3EA21DCC7BA00D766BD /* Main.storyboard */ = {
			isa = PBXVariantGroup;
			children = (
				71D9B3EB21DCC7BA00D766BD /* Base */,
			);
			name = Main.storyboard;
			sourceTree = "<group>";
		};
		71D9B3EF21DCC7BB00D766BD /* LaunchScreen.storyboard */ = {
			isa = PBXVariantGroup;
			children = (
				71D9B3F021DCC7BB00D766BD /* Base */,
			);
			name = LaunchScreen.storyboard;
			sourceTree = "<group>";
		};
/* End PBXVariantGroup section */

/* Begin XCBuildConfiguration section */
		71D9B3F521DCC7BB00D766BD /* Debug */ = {
			isa = XCBuildConfiguration;
			buildSettings = {
				ALWAYS_SEARCH_USER_PATHS = NO;
				CLANG_ANALYZER_NONNULL = YES;
				CLANG_ANALYZER_NUMBER_OBJECT_CONVERSION = YES_AGGRESSIVE;
				CLANG_CXX_LANGUAGE_STANDARD = "gnu++14";
				CLANG_CXX_LIBRARY = "libc++";
				CLANG_ENABLE_MODULES = YES;
				CLANG_ENABLE_OBJC_ARC = YES;
				CLANG_ENABLE_OBJC_WEAK = YES;
				CLANG_WARN_BLOCK_CAPTURE_AUTORELEASING = YES;
				CLANG_WARN_BOOL_CONVERSION = YES;
				CLANG_WARN_COMMA = YES;
				CLANG_WARN_CONSTANT_CONVERSION = YES;
				CLANG_WARN_DEPRECATED_OBJC_IMPLEMENTATIONS = YES;
				CLANG_WARN_DIRECT_OBJC_ISA_USAGE = YES_ERROR;
				CLANG_WARN_DOCUMENTATION_COMMENTS = YES;
				CLANG_WARN_EMPTY_BODY = YES;
				CLANG_WARN_ENUM_CONVERSION = YES;
				CLANG_WARN_INFINITE_RECURSION = YES;
				CLANG_WARN_INT_CONVERSION = YES;
				CLANG_WARN_NON_LITERAL_NULL_CONVERSION = YES;
				CLANG_WARN_OBJC_IMPLICIT_RETAIN_SELF = YES;
				CLANG_WARN_OBJC_LITERAL_CONVERSION = YES;
				CLANG_WARN_OBJC_ROOT_CLASS = YES_ERROR;
				CLANG_WARN_RANGE_LOOP_ANALYSIS = YES;
				CLANG_WARN_STRICT_PROTOTYPES = YES;
				CLANG_WARN_SUSPICIOUS_MOVE = YES;
				CLANG_WARN_UNGUARDED_AVAILABILITY = YES_AGGRESSIVE;
				CLANG_WARN_UNREACHABLE_CODE = YES;
				CLANG_WARN__DUPLICATE_METHOD_MATCH = YES;
				CODE_SIGN_IDENTITY = "iPhone Developer";
				COPY_PHASE_STRIP = NO;
				DEBUG_INFORMATION_FORMAT = dwarf;
				ENABLE_STRICT_OBJC_MSGSEND = YES;
				ENABLE_TESTABILITY = YES;
				GCC_C_LANGUAGE_STANDARD = gnu11;
				GCC_DYNAMIC_NO_PIC = NO;
				GCC_NO_COMMON_BLOCKS = YES;
				GCC_OPTIMIZATION_LEVEL = 0;
				GCC_PREPROCESSOR_DEFINITIONS = (
					"DEBUG=1",
					"$(inherited)",
				);
				GCC_WARN_64_TO_32_BIT_CONVERSION = YES;
				GCC_WARN_ABOUT_RETURN_TYPE = YES_ERROR;
				GCC_WARN_UNDECLARED_SELECTOR = YES;
				GCC_WARN_UNINITIALIZED_AUTOS = YES_AGGRESSIVE;
				GCC_WARN_UNUSED_FUNCTION = YES;
				GCC_WARN_UNUSED_VARIABLE = YES;
				IPHONEOS_DEPLOYMENT_TARGET = 12.1;
				MTL_ENABLE_DEBUG_INFO = INCLUDE_SOURCE;
				MTL_FAST_MATH = YES;
				ONLY_ACTIVE_ARCH = YES;
				SDKROOT = iphoneos;
			};
			name = Debug;
		};
		71D9B3F621DCC7BB00D766BD /* Release */ = {
			isa = XCBuildConfiguration;
			buildSettings = {
				ALWAYS_SEARCH_USER_PATHS = NO;
				CLANG_ANALYZER_NONNULL = YES;
				CLANG_ANALYZER_NUMBER_OBJECT_CONVERSION = YES_AGGRESSIVE;
				CLANG_CXX_LANGUAGE_STANDARD = "gnu++14";
				CLANG_CXX_LIBRARY = "libc++";
				CLANG_ENABLE_MODULES = YES;
				CLANG_ENABLE_OBJC_ARC = YES;
				CLANG_ENABLE_OBJC_WEAK = YES;
				CLANG_WARN_BLOCK_CAPTURE_AUTORELEASING = YES;
				CLANG_WARN_BOOL_CONVERSION = YES;
				CLANG_WARN_COMMA = YES;
				CLANG_WARN_CONSTANT_CONVERSION = YES;
				CLANG_WARN_DEPRECATED_OBJC_IMPLEMENTATIONS = YES;
				CLANG_WARN_DIRECT_OBJC_ISA_USAGE = YES_ERROR;
				CLANG_WARN_DOCUMENTATION_COMMENTS = YES;
				CLANG_WARN_EMPTY_BODY = YES;
				CLANG_WARN_ENUM_CONVERSION = YES;
				CLANG_WARN_INFINITE_RECURSION = YES;
				CLANG_WARN_INT_CONVERSION = YES;
				CLANG_WARN_NON_LITERAL_NULL_CONVERSION = YES;
				CLANG_WARN_OBJC_IMPLICIT_RETAIN_SELF = YES;
				CLANG_WARN_OBJC_LITERAL_CONVERSION = YES;
				CLANG_WARN_OBJC_ROOT_CLASS = YES_ERROR;
				CLANG_WARN_RANGE_LOOP_ANALYSIS = YES;
				CLANG_WARN_STRICT_PROTOTYPES = YES;
				CLANG_WARN_SUSPICIOUS_MOVE = YES;
				CLANG_WARN_UNGUARDED_AVAILABILITY = YES_AGGRESSIVE;
				CLANG_WARN_UNREACHABLE_CODE = YES;
				CLANG_WARN__DUPLICATE_METHOD_MATCH = YES;
				CODE_SIGN_IDENTITY = "iPhone Developer";
				COPY_PHASE_STRIP = NO;
				DEBUG_INFORMATION_FORMAT = "dwarf-with-dsym";
				ENABLE_NS_ASSERTIONS = NO;
				ENABLE_STRICT_OBJC_MSGSEND = YES;
				GCC_C_LANGUAGE_STANDARD = gnu11;
				GCC_NO_COMMON_BLOCKS = YES;
				GCC_WARN_64_TO_32_BIT_CONVERSION = YES;
				GCC_WARN_ABOUT_RETURN_TYPE = YES_ERROR;
				GCC_WARN_UNDECLARED_SELECTOR = YES;
				GCC_WARN_UNINITIALIZED_AUTOS = YES_AGGRESSIVE;
				GCC_WARN_UNUSED_FUNCTION = YES;
				GCC_WARN_UNUSED_VARIABLE = YES;
				IPHONEOS_DEPLOYMENT_TARGET = 12.1;
				MTL_ENABLE_DEBUG_INFO = NO;
				MTL_FAST_MATH = YES;
				SDKROOT = iphoneos;
				VALIDATE_PRODUCT = YES;
			};
			name = Release;
		};
		71D9B3F821DCC7BB00D766BD /* Debug */ = {
			isa = XCBuildConfiguration;
			buildSettings = {
				ASSETCATALOG_COMPILER_APPICON_NAME = AppIcon;
				CODE_SIGN_STYLE = Automatic;
				DEVELOPMENT_TEAM = "";
				FRAMEWORK_SEARCH_PATHS = (
					"$(inherited)",
					"$(PROJECT_DIR)/UImageTx",
				);
				INFOPLIST_FILE = UImageTx/Info.plist;
				IPHONEOS_DEPLOYMENT_TARGET = 10.0;
				LD_RUNPATH_SEARCH_PATHS = (
					"$(inherited)",
					"@executable_path/Frameworks",
				);
				PRODUCT_BUNDLE_IDENTIFIER = com.ubt.UImageTx;
				PRODUCT_NAME = "$(TARGET_NAME)";
				TARGETED_DEVICE_FAMILY = 1;
			};
			name = Debug;
		};
		71D9B3F921DCC7BB00D766BD /* Release */ = {
			isa = XCBuildConfiguration;
			buildSettings = {
				ASSETCATALOG_COMPILER_APPICON_NAME = AppIcon;
				CODE_SIGN_STYLE = Automatic;
				DEVELOPMENT_TEAM = "";
				FRAMEWORK_SEARCH_PATHS = (
					"$(inherited)",
					"$(PROJECT_DIR)/UImageTx",
				);
				INFOPLIST_FILE = UImageTx/Info.plist;
				IPHONEOS_DEPLOYMENT_TARGET = 10.0;
				LD_RUNPATH_SEARCH_PATHS = (
					"$(inherited)",
					"@executable_path/Frameworks",
				);
				PRODUCT_BUNDLE_IDENTIFIER = com.ubt.UImageTx;
				PRODUCT_NAME = "$(TARGET_NAME)";
				TARGETED_DEVICE_FAMILY = 1;
			};
			name = Release;
		};
/* End XCBuildConfiguration section */

/* Begin XCConfigurationList section */
		71D9B3DC21DCC7BA00D766BD /* Build configuration list for PBXProject "UImageTx" */ = {
			isa = XCConfigurationList;
			buildConfigurations = (
				71D9B3F521DCC7BB00D766BD /* Debug */,
				71D9B3F621DCC7BB00D766BD /* Release */,
			);
			defaultConfigurationIsVisible = 0;
			defaultConfigurationName = Release;
		};
		71D9B3F721DCC7BB00D766BD /* Build configuration list for PBXNativeTarget "UImageTx" */ = {
			isa = XCConfigurationList;
			buildConfigurations = (
				71D9B3F821DCC7BB00D766BD /* Debug */,
				71D9B3F921DCC7BB00D766BD /* Release */,
			);
			defaultConfigurationIsVisible = 0;
			defaultConfigurationName = Release;
		};
/* End XCConfigurationList section */
	};
	rootObject = 71D9B3D921DCC7BA00D766BD /* Project object */;
}
